
Microsoft Visual Studio Solution File, Format Version 12.00
# Visual Studio Version 16
VisualStudioVersion = 16.0.29609.76
MinimumVisualStudioVersion = 10.0.40219.1
Project("{FAE04EC0-301F-11D3-BF4B-00C04F79EFBC}") = "LearnEnglish", "LearnEnglish.csproj", "{8DE1FC4D-0B89-492A-A206-5A8883346A98}"
EndProject
Global
	GlobalSection(SolutionConfigurationPlatforms) = preSolution
		Debug|Any CPU = Debug|Any CPU
		Release|Any CPU = Release|Any CPU
	EndGlobalSection
	GlobalSection(ProjectConfigurationPlatforms) = postSolution
		{8DE1FC4D-0B89-492A-A206-5A8883346A98}.Debug|Any CPU.ActiveCfg = Debug|Any CPU
		{8DE1FC4D-0B89-492A-A206-5A8883346A98}.Debug|Any CPU.Build.0 = Debug|Any CPU
		{8DE1FC4D-0B89-492A-A206-5A8883346A98}.Release|Any CPU.ActiveCfg = Release|Any CPU
		{8DE1FC4D-0B89-492A-A206-5A8883346A98}.Release|Any CPU.Build.0 = Release|Any CPU
	EndGlobalSection
	GlobalSection(SolutionProperties) = preSolution
		HideSolutionNode = FALSE
	EndGlobalSection
	GlobalSection(ExtensibilityGlobals) = postSolution
		SolutionGuid = {AFEC05DF-3CFE-4CB1-A28D-321E16A2C860}
	EndGlobalSection
EndGlobal
